// !$*UTF8*$!
{
	archiveVersion = 1;
	classes = {
	};
	objectVersion = 77;
	objects = {

/* Begin PBXBuildFile section */
		01A94F27A1793DF4B3348F0F /* SettingsView.swift in Sources */ = {isa = PBXBuildFile; fileRef = C3DDB428AAF806BABE2028FE /* SettingsView.swift */; };
		0A31BD3EE66CD460BF9C4C70 /* UsageNotifier.swift in Sources */ = {isa = PBXBuildFile; fileRef = A0FE0DC64E730BECA3F6A9AB /* UsageNotifier.swift */; };
		1446E142166E35F0939A6394 /* UsageAPI.swift in Sources */ = {isa = PBXBuildFile; fileRef = 9AD55D9098A9467D7664BE4C /* UsageAPI.swift */; };
		194CCAD14E059D4E429631D6 /* UsageUI.swift in Sources */ = {isa = PBXBuildFile; fileRef = 220CE5C927FBA66B8E411D03 /* UsageUI.swift */; };
		19B7D2CB4C7CAD5636D30CC2 /* LoginWindowView.swift in Sources */ = {isa = PBXBuildFile; fileRef = 239BE937C2A61DD57A5D3F40 /* LoginWindowView.swift */; };
		1DF51313033F5D173F8A2A26 /* OAuthClient.swift in Sources */ = {isa = PBXBuildFile; fileRef = F1BDE777E8B3DA905A94E855 /* OAuthClient.swift */; };
		1E600003F606459F6C02B81C /* MenuBarContent.swift in Sources */ = {isa = PBXBuildFile; fileRef = CE895DA6708B75A81A599C0F /* MenuBarContent.swift */; };
		2DE007E5C1369CE0205CDA0A /* UsageAPI.swift in Sources */ = {isa = PBXBuildFile; fileRef = 9AD55D9098A9467D7664BE4C /* UsageAPI.swift */; };
		32EDEF82B724E10707C4978C /* TokenStore.swift in Sources */ = {isa = PBXBuildFile; fileRef = 19E523773952E01523EA9066 /* TokenStore.swift */; };
		348A32779442F71DC10A1765 /* UsageUI.swift in Sources */ = {isa = PBXBuildFile; fileRef = 220CE5C927FBA66B8E411D03 /* UsageUI.swift */; };
		37B5E3B8C418C26CEEF51187 /* Settings.swift in Sources */ = {isa = PBXBuildFile; fileRef = 103E1D10300117742EAF4E47 /* Settings.swift */; };
		3C2F7BAAAAF84A79EB4AD9C0 /* TokenStore.swift in Sources */ = {isa = PBXBuildFile; fileRef = 19E523773952E01523EA9066 /* TokenStore.swift */; };
		4E7C930ADAC4DA47A1B4894C /* Assets.xcassets in Resources */ = {isa = PBXBuildFile; fileRef = 561451D37D4508BD6A7717A7 /* Assets.xcassets */; };
		5817E3A2FE3F830A3F1991C9 /* MenuContentView.swift in Sources */ = {isa = PBXBuildFile; fileRef = C66AC3187EFDC2485362B76A /* MenuContentView.swift */; };
		587D896E4CE2D6328FF4D9E9 /* Constants.swift in Sources */ = {isa = PBXBuildFile; fileRef = CBBE659389322DA860A65644 /* Constants.swift */; };
		6689E4C7F8D857ED5425E9A0 /* ClaudeUsageApp.swift in Sources */ = {isa = PBXBuildFile; fileRef = 1520DE729C71CBF445CFC145 /* ClaudeUsageApp.swift */; };
		6BCCF276EDDE72EC21ADE795 /* Localizable.xcstrings in Resources */ = {isa = PBXBuildFile; fileRef = C8339C45BC8C940FF4BC8F1F /* Localizable.xcstrings */; };
		6BE6EC1900DB5367E34BBF9A /* UsageViewModel.swift in Sources */ = {isa = PBXBuildFile; fileRef = 70954312EAB29E15762B5609 /* UsageViewModel.swift */; };
		718629049AABBEB33D7CA5BB /* Settings.swift in Sources */ = {isa = PBXBuildFile; fileRef = 103E1D10300117742EAF4E47 /* Settings.swift */; };
		77DF1AA74971689CB3058EA0 /* ClaudeUsageWidgetBundle.swift in Sources */ = {isa = PBXBuildFile; fileRef = C840CE1F329996CBCF0B01B6 /* ClaudeUsageWidgetBundle.swift */; };
		7A2DFC1A09FB520E09CDE2BA /* ClaudeUsageWidgetExtension.appex in Embed Foundation Extensions */ = {isa = PBXBuildFile; fileRef = 250064F1475E2F3077E3F4DA /* ClaudeUsageWidgetExtension.appex */; settings = {ATTRIBUTES = (RemoveHeadersOnCopy, ); }; };
		7EF5E868AC4EC1EB1AF5CDDC /* UsageModels.swift in Sources */ = {isa = PBXBuildFile; fileRef = 3E0191E6393F22D0681FB744 /* UsageModels.swift */; };
		80B8112E9F6CCEBAD1F25ADC /* Localizable.xcstrings in Resources */ = {isa = PBXBuildFile; fileRef = C8339C45BC8C940FF4BC8F1F /* Localizable.xcstrings */; };
		9D3CB93DF41E539EE48681B6 /* Constants.swift in Sources */ = {isa = PBXBuildFile; fileRef = CBBE659389322DA860A65644 /* Constants.swift */; };
		A0884818F981E01EB172D708 /* UsageModels.swift in Sources */ = {isa = PBXBuildFile; fileRef = 3E0191E6393F22D0681FB744 /* UsageModels.swift */; };
		A47E49B7F10611B596F6999E /* Assets.xcassets in Resources */ = {isa = PBXBuildFile; fileRef = 9860FB20FD504D088B3C90DF /* Assets.xcassets */; };
		BA038D11D903058344C5BECB /* ClaudeUsageWidget.swift in Sources */ = {isa = PBXBuildFile; fileRef = 2AB4851F82804202E410BB46 /* ClaudeUsageWidget.swift */; };
		C25214BB8646AF1D3653F40D /* AppSettings.swift in Sources */ = {isa = PBXBuildFile; fileRef = 961C7E1113D9D4AAAF0BA369 /* AppSettings.swift */; };
		E590066085D27EA41A0AB299 /* OAuthClient.swift in Sources */ = {isa = PBXBuildFile; fileRef = F1BDE777E8B3DA905A94E855 /* OAuthClient.swift */; };
/* End PBXBuildFile section */

/* Begin PBXContainerItemProxy section */
		0974D27E2D060DA8247BB87D /* PBXContainerItemProxy */ = {
			isa = PBXContainerItemProxy;
			containerPortal = 65038DD919B78672D25C1C19 /* Project object */;
			proxyType = 1;
			remoteGlobalIDString = 6E97C317F002EB5B78F6589D;
			remoteInfo = ClaudeUsageWidgetExtension;
		};
/* End PBXContainerItemProxy section */

/* Begin PBXCopyFilesBuildPhase section */
		C61D794878352EA7E321BF49 /* Embed Foundation Extensions */ = {
			isa = PBXCopyFilesBuildPhase;
			buildActionMask = 2147483647;
			dstPath = "";
			dstSubfolderSpec = 13;
			files = (
				7A2DFC1A09FB520E09CDE2BA /* ClaudeUsageWidgetExtension.appex in Embed Foundation Extensions */,
			);
			name = "Embed Foundation Extensions";
			runOnlyForDeploymentPostprocessing = 0;
		};
/* End PBXCopyFilesBuildPhase section */

/* Begin PBXFileReference section */
		103E1D10300117742EAF4E47 /* Settings.swift */ = {isa = PBXFileReference; lastKnownFileType = sourcecode.swift; path = Settings.swift; sourceTree = "<group>"; };
		1520DE729C71CBF445CFC145 /* ClaudeUsageApp.swift */ = {isa = PBXFileReference; lastKnownFileType = sourcecode.swift; path = ClaudeUsageApp.swift; sourceTree = "<group>"; };
		161BB7F34856C3E7D6F81978 /* ClaudeUsageWidget.entitlements */ = {isa = PBXFileReference; lastKnownFileType = text.plist.entitlements; path = ClaudeUsageWidget.entitlements; sourceTree = "<group>"; };
		19E523773952E01523EA9066 /* TokenStore.swift */ = {isa = PBXFileReference; lastKnownFileType = sourcecode.swift; path = TokenStore.swift; sourceTree = "<group>"; };
		220CE5C927FBA66B8E411D03 /* UsageUI.swift */ = {isa = PBXFileReference; lastKnownFileType = sourcecode.swift; path = UsageUI.swift; sourceTree = "<group>"; };
		239BE937C2A61DD57A5D3F40 /* LoginWindowView.swift */ = {isa = PBXFileReference; lastKnownFileType = sourcecode.swift; path = LoginWindowView.swift; sourceTree = "<group>"; };
		250064F1475E2F3077E3F4DA /* ClaudeUsageWidgetExtension.appex */ = {isa = PBXFileReference; explicitFileType = "wrapper.app-extension"; includeInIndex = 0; path = ClaudeUsageWidgetExtension.appex; sourceTree = BUILT_PRODUCTS_DIR; };
		2AB4851F82804202E410BB46 /* ClaudeUsageWidget.swift */ = {isa = PBXFileReference; lastKnownFileType = sourcecode.swift; path = ClaudeUsageWidget.swift; sourceTree = "<group>"; };
		2D8530E203C99CDB7CAA371F /* Info.plist */ = {isa = PBXFileReference; lastKnownFileType = text.plist; path = Info.plist; sourceTree = "<group>"; };
		3DDB3669F215EFC0C1958C20 /* ClaudeUsage.app */ = {isa = PBXFileReference; explicitFileType = wrapper.application; includeInIndex = 0; path = ClaudeUsage.app; sourceTree = BUILT_PRODUCTS_DIR; };
		3E0191E6393F22D0681FB744 /* UsageModels.swift */ = {isa = PBXFileReference; lastKnownFileType = sourcecode.swift; path = UsageModels.swift; sourceTree = "<group>"; };
		561451D37D4508BD6A7717A7 /* Assets.xcassets */ = {isa = PBXFileReference; lastKnownFileType = folder.assetcatalog; path = Assets.xcassets; sourceTree = "<group>"; };
		70954312EAB29E15762B5609 /* UsageViewModel.swift */ = {isa = PBXFileReference; lastKnownFileType = sourcecode.swift; path = UsageViewModel.swift; sourceTree = "<group>"; };
		961C7E1113D9D4AAAF0BA369 /* AppSettings.swift */ = {isa = PBXFileReference; lastKnownFileType = sourcecode.swift; path = AppSettings.swift; sourceTree = "<group>"; };
		9860FB20FD504D088B3C90DF /* Assets.xcassets */ = {isa = PBXFileReference; lastKnownFileType = folder.assetcatalog; path = Assets.xcassets; sourceTree = "<group>"; };
		9AD55D9098A9467D7664BE4C /* UsageAPI.swift */ = {isa = PBXFileReference; lastKnownFileType = sourcecode.swift; path = UsageAPI.swift; sourceTree = "<group>"; };
		A0FE0DC64E730BECA3F6A9AB /* UsageNotifier.swift */ = {isa = PBXFileReference; lastKnownFileType = sourcecode.swift; path = UsageNotifier.swift; sourceTree = "<group>"; };
		C3DDB428AAF806BABE2028FE /* SettingsView.swift */ = {isa = PBXFileReference; lastKnownFileType = sourcecode.swift; path = SettingsView.swift; sourceTree = "<group>"; };
		C66AC3187EFDC2485362B76A /* MenuContentView.swift */ = {isa = PBXFileReference; lastKnownFileType = sourcecode.swift; path = MenuContentView.swift; sourceTree = "<group>"; };
		C8339C45BC8C940FF4BC8F1F /* Localizable.xcstrings */ = {isa = PBXFileReference; lastKnownFileType = text.json.xcstrings; path = Localizable.xcstrings; sourceTree = "<group>"; };
		C83428CAB7277078A2677D14 /* Info.plist */ = {isa = PBXFileReference; lastKnownFileType = text.plist; path = Info.plist; sourceTree = "<group>"; };
		C840CE1F329996CBCF0B01B6 /* ClaudeUsageWidgetBundle.swift */ = {isa = PBXFileReference; lastKnownFileType = sourcecode.swift; path = ClaudeUsageWidgetBundle.swift; sourceTree = "<group>"; };
		CBBE659389322DA860A65644 /* Constants.swift */ = {isa = PBXFileReference; lastKnownFileType = sourcecode.swift; path = Constants.swift; sourceTree = "<group>"; };
		CE895DA6708B75A81A599C0F /* MenuBarContent.swift */ = {isa = PBXFileReference; lastKnownFileType = sourcecode.swift; path = MenuBarContent.swift; sourceTree = "<group>"; };
		D2D075FEF47C5CBC62414384 /* ClaudeUsage.entitlements */ = {isa = PBXFileReference; lastKnownFileType = text.plist.entitlements; path = ClaudeUsage.entitlements; sourceTree = "<group>"; };
		F1BDE777E8B3DA905A94E855 /* OAuthClient.swift */ = {isa = PBXFileReference; lastKnownFileType = sourcecode.swift; path = OAuthClient.swift; sourceTree = "<group>"; };
/* End PBXFileReference section */

/* Begin PBXGroup section */
		04F5AC4E8773B4AB3670D0A2 /* App */ = {
			isa = PBXGroup;
			children = (
				961C7E1113D9D4AAAF0BA369 /* AppSettings.swift */,
				9860FB20FD504D088B3C90DF /* Assets.xcassets */,
				D2D075FEF47C5CBC62414384 /* ClaudeUsage.entitlements */,
				1520DE729C71CBF445CFC145 /* ClaudeUsageApp.swift */,
				C83428CAB7277078A2677D14 /* Info.plist */,
				239BE937C2A61DD57A5D3F40 /* LoginWindowView.swift */,
				CE895DA6708B75A81A599C0F /* MenuBarContent.swift */,
				C66AC3187EFDC2485362B76A /* MenuContentView.swift */,
				C3DDB428AAF806BABE2028FE /* SettingsView.swift */,
				A0FE0DC64E730BECA3F6A9AB /* UsageNotifier.swift */,
				70954312EAB29E15762B5609 /* UsageViewModel.swift */,
			);
			path = App;
			sourceTree = "<group>";
		};
		65471DFB72CD62D0BD13839B /* Shared */ = {
			isa = PBXGroup;
			children = (
				CBBE659389322DA860A65644 /* Constants.swift */,
				C8339C45BC8C940FF4BC8F1F /* Localizable.xcstrings */,
				F1BDE777E8B3DA905A94E855 /* OAuthClient.swift */,
				103E1D10300117742EAF4E47 /* Settings.swift */,
				19E523773952E01523EA9066 /* TokenStore.swift */,
				9AD55D9098A9467D7664BE4C /* UsageAPI.swift */,
				3E0191E6393F22D0681FB744 /* UsageModels.swift */,
				220CE5C927FBA66B8E411D03 /* UsageUI.swift */,
			);
			path = Shared;
			sourceTree = "<group>";
		};
		7B6FF4928D8088A5E306A1C6 /* Widget */ = {
			isa = PBXGroup;
			children = (
				561451D37D4508BD6A7717A7 /* Assets.xcassets */,
				161BB7F34856C3E7D6F81978 /* ClaudeUsageWidget.entitlements */,
				2AB4851F82804202E410BB46 /* ClaudeUsageWidget.swift */,
				C840CE1F329996CBCF0B01B6 /* ClaudeUsageWidgetBundle.swift */,
				2D8530E203C99CDB7CAA371F /* Info.plist */,
			);
			path = Widget;
			sourceTree = "<group>";
		};
		A9FE83FF131079D589DFD671 = {
			isa = PBXGroup;
			children = (
				04F5AC4E8773B4AB3670D0A2 /* App */,
				65471DFB72CD62D0BD13839B /* Shared */,
				7B6FF4928D8088A5E306A1C6 /* Widget */,
				DE040C3B31A66879A643C28A /* Products */,
			);
			sourceTree = "<group>";
		};
		DE040C3B31A66879A643C28A /* Products */ = {
			isa = PBXGroup;
			children = (
				3DDB3669F215EFC0C1958C20 /* ClaudeUsage.app */,
				250064F1475E2F3077E3F4DA /* ClaudeUsageWidgetExtension.appex */,
			);
			name = Products;
			sourceTree = "<group>";
		};
/* End PBXGroup section */

/* Begin PBXNativeTarget section */
		6E97C317F002EB5B78F6589D /* ClaudeUsageWidgetExtension */ = {
			isa = PBXNativeTarget;
			buildConfigurationList = 508E8FC0A30CD69A0F99CAE9 /* Build configuration list for PBXNativeTarget "ClaudeUsageWidgetExtension" */;
			buildPhases = (
				39A46597110ED2D13B4182A9 /* Sources */,
				00D4F7F83351376F7FE94D44 /* Resources */,
			);
			buildRules = (
			);
			dependencies = (
			);
			name = ClaudeUsageWidgetExtension;
			packageProductDependencies = (
			);
			productName = ClaudeUsageWidgetExtension;
			productReference = 250064F1475E2F3077E3F4DA /* ClaudeUsageWidgetExtension.appex */;
			productType = "com.apple.product-type.app-extension";
		};
		FCD643E83F9907C0D1AFF05E /* ClaudeUsage */ = {
			isa = PBXNativeTarget;
			buildConfigurationList = 78FFC4369CA5357E81B68B17 /* Build configuration list for PBXNativeTarget "ClaudeUsage" */;
			buildPhases = (
				0879BCB003A66A2E5A5E923C /* Sources */,
				93F8577ADA890DBFF21FF55F /* Resources */,
				C61D794878352EA7E321BF49 /* Embed Foundation Extensions */,
			);
			buildRules = (
			);
			dependencies = (
				666134B0D341E565252C474A /* PBXTargetDependency */,
			);
			name = ClaudeUsage;
			packageProductDependencies = (
			);
			productName = ClaudeUsage;
			productReference = 3DDB3669F215EFC0C1958C20 /* ClaudeUsage.app */;
			productType = "com.apple.product-type.application";
		};
/* End PBXNativeTarget section */

/* Begin PBXProject section */
		65038DD919B78672D25C1C19 /* Project object */ = {
			isa = PBXProject;
			attributes = {
				BuildIndependentTargetsInParallel = YES;
				LastUpgradeCheck = 1430;
				TargetAttributes = {
					6E97C317F002EB5B78F6589D = {
						DevelopmentTeam = 77UHX55UF6;
						ProvisioningStyle = Automatic;
					};
					FCD643E83F9907C0D1AFF05E = {
						DevelopmentTeam = 77UHX55UF6;
						ProvisioningStyle = Automatic;
					};
				};
			};
			buildConfigurationList = AE9F6626FC7AB451FE2D9D95 /* Build configuration list for PBXProject "ClaudeUsage" */;
			developmentRegion = en;
			hasScannedForEncodings = 0;
			knownRegions = (
				Base,
				de,
				en,
			);
			mainGroup = A9FE83FF131079D589DFD671;
			minimizedProjectReferenceProxies = 1;
			preferredProjectObjectVersion = 77;
			productRefGroup = DE040C3B31A66879A643C28A /* Products */;
			projectDirPath = "";
			projectRoot = "";
			targets = (
				FCD643E83F9907C0D1AFF05E /* ClaudeUsage */,
				6E97C317F002EB5B78F6589D /* ClaudeUsageWidgetExtension */,
			);
		};
/* End PBXProject section */

/* Begin PBXResourcesBuildPhase section */
		00D4F7F83351376F7FE94D44 /* Resources */ = {
			isa = PBXResourcesBuildPhase;
			buildActionMask = 2147483647;
			files = (
				4E7C930ADAC4DA47A1B4894C /* Assets.xcassets in Resources */,
				80B8112E9F6CCEBAD1F25ADC /* Localizable.xcstrings in Resources */,
			);
			runOnlyForDeploymentPostprocessing = 0;
		};
		93F8577ADA890DBFF21FF55F /* Resources */ = {
			isa = PBXResourcesBuildPhase;
			buildActionMask = 2147483647;
			files = (
				A47E49B7F10611B596F6999E /* Assets.xcassets in Resources */,
				6BCCF276EDDE72EC21ADE795 /* Localizable.xcstrings in Resources */,
			);
			runOnlyForDeploymentPostprocessing = 0;
		};
/* End PBXResourcesBuildPhase section */

/* Begin PBXSourcesBuildPhase section */
		0879BCB003A66A2E5A5E923C /* Sources */ = {
			isa = PBXSourcesBuildPhase;
			buildActionMask = 2147483647;
			files = (
				C25214BB8646AF1D3653F40D /* AppSettings.swift in Sources */,
				6689E4C7F8D857ED5425E9A0 /* ClaudeUsageApp.swift in Sources */,
				587D896E4CE2D6328FF4D9E9 /* Constants.swift in Sources */,
				19B7D2CB4C7CAD5636D30CC2 /* LoginWindowView.swift in Sources */,
				1E600003F606459F6C02B81C /* MenuBarContent.swift in Sources */,
				5817E3A2FE3F830A3F1991C9 /* MenuContentView.swift in Sources */,
				E590066085D27EA41A0AB299 /* OAuthClient.swift in Sources */,
				718629049AABBEB33D7CA5BB /* Settings.swift in Sources */,
				01A94F27A1793DF4B3348F0F /* SettingsView.swift in Sources */,
				32EDEF82B724E10707C4978C /* TokenStore.swift in Sources */,
				2DE007E5C1369CE0205CDA0A /* UsageAPI.swift in Sources */,
				7EF5E868AC4EC1EB1AF5CDDC /* UsageModels.swift in Sources */,
				0A31BD3EE66CD460BF9C4C70 /* UsageNotifier.swift in Sources */,
				194CCAD14E059D4E429631D6 /* UsageUI.swift in Sources */,
				6BE6EC1900DB5367E34BBF9A /* UsageViewModel.swift in Sources */,
			);
			runOnlyForDeploymentPostprocessing = 0;
		};
		39A46597110ED2D13B4182A9 /* Sources */ = {
			isa = PBXSourcesBuildPhase;
			buildActionMask = 2147483647;
			files = (
				BA038D11D903058344C5BECB /* ClaudeUsageWidget.swift in Sources */,
				77DF1AA74971689CB3058EA0 /* ClaudeUsageWidgetBundle.swift in Sources */,
				9D3CB93DF41E539EE48681B6 /* Constants.swift in Sources */,
				1DF51313033F5D173F8A2A26 /* OAuthClient.swift in Sources */,
				37B5E3B8C418C26CEEF51187 /* Settings.swift in Sources */,
				3C2F7BAAAAF84A79EB4AD9C0 /* TokenStore.swift in Sources */,
				1446E142166E35F0939A6394 /* UsageAPI.swift in Sources */,
				A0884818F981E01EB172D708 /* UsageModels.swift in Sources */,
				348A32779442F71DC10A1765 /* UsageUI.swift in Sources */,
			);
			runOnlyForDeploymentPostprocessing = 0;
		};
/* End PBXSourcesBuildPhase section */

/* Begin PBXTargetDependency section */
		666134B0D341E565252C474A /* PBXTargetDependency */ = {
			isa = PBXTargetDependency;
			target = 6E97C317F002EB5B78F6589D /* ClaudeUsageWidgetExtension */;
			targetProxy = 0974D27E2D060DA8247BB87D /* PBXContainerItemProxy */;
		};
/* End PBXTargetDependency section */

/* Begin XCBuildConfiguration section */
		2D5D20BB7FA5D8B2008CDC53 /* Debug */ = {
			isa = XCBuildConfiguration;
			buildSettings = {
				ALWAYS_SEARCH_USER_PATHS = NO;
				CLANG_ANALYZER_NONNULL = YES;
				CLANG_ANALYZER_NUMBER_OBJECT_CONVERSION = YES_AGGRESSIVE;
				CLANG_CXX_LANGUAGE_STANDARD = "gnu++14";
				CLANG_CXX_LIBRARY = "libc++";
				CLANG_ENABLE_MODULES = YES;
				CLANG_ENABLE_OBJC_ARC = YES;
				CLANG_ENABLE_OBJC_WEAK = YES;
				CLANG_WARN_BLOCK_CAPTURE_AUTORELEASING = YES;
				CLANG_WARN_BOOL_CONVERSION = YES;
				CLANG_WARN_COMMA = YES;
				CLANG_WARN_CONSTANT_CONVERSION = YES;
				CLANG_WARN_DEPRECATED_OBJC_IMPLEMENTATIONS = YES;
				CLANG_WARN_DIRECT_OBJC_ISA_USAGE = YES_ERROR;
				CLANG_WARN_DOCUMENTATION_COMMENTS = YES;
				CLANG_WARN_EMPTY_BODY = YES;
				CLANG_WARN_ENUM_CONVERSION = YES;
				CLANG_WARN_INFINITE_RECURSION = YES;
				CLANG_WARN_INT_CONVERSION = YES;
				CLANG_WARN_NON_LITERAL_NULL_CONVERSION = YES;
				CLANG_WARN_OBJC_IMPLICIT_RETAIN_SELF = YES;
				CLANG_WARN_OBJC_LITERAL_CONVERSION = YES;
				CLANG_WARN_OBJC_ROOT_CLASS = YES_ERROR;
				CLANG_WARN_QUOTED_INCLUDE_IN_FRAMEWORK_HEADER = YES;
				CLANG_WARN_RANGE_LOOP_ANALYSIS = YES;
				CLANG_WARN_STRICT_PROTOTYPES = YES;
				CLANG_WARN_SUSPICIOUS_MOVE = YES;
				CLANG_WARN_UNGUARDED_AVAILABILITY = YES_AGGRESSIVE;
				CLANG_WARN_UNREACHABLE_CODE = YES;
				CLANG_WARN__DUPLICATE_METHOD_MATCH = YES;
				CODE_SIGN_STYLE = Automatic;
				COPY_PHASE_STRIP = NO;
				CURRENT_PROJECT_VERSION = 1;
				DEBUG_INFORMATION_FORMAT = dwarf;
				DEVELOPMENT_TEAM = 77UHX55UF6;
				ENABLE_STRICT_OBJC_MSGSEND = YES;
				ENABLE_TESTABILITY = YES;
				ENABLE_USER_SCRIPT_SANDBOXING = NO;
				GCC_C_LANGUAGE_STANDARD = gnu11;
				GCC_DYNAMIC_NO_PIC = NO;
				GCC_NO_COMMON_BLOCKS = YES;
				GCC_OPTIMIZATION_LEVEL = 0;
				GCC_PREPROCESSOR_DEFINITIONS = (
					"$(inherited)",
					"DEBUG=1",
				);
				GCC_WARN_64_TO_32_BIT_CONVERSION = YES;
				GCC_WARN_ABOUT_RETURN_TYPE = YES_ERROR;
				GCC_WARN_UNDECLARED_SELECTOR = YES;
				GCC_WARN_UNINITIALIZED_AUTOS = YES_AGGRESSIVE;
				GCC_WARN_UNUSED_FUNCTION = YES;
				GCC_WARN_UNUSED_VARIABLE = YES;
				MACOSX_DEPLOYMENT_TARGET = 14.0;
				MARKETING_VERSION = 1.0;
				MTL_ENABLE_DEBUG_INFO = INCLUDE_SOURCE;
				MTL_FAST_MATH = YES;
				ONLY_ACTIVE_ARCH = YES;
				PRODUCT_NAME = "$(TARGET_NAME)";
				SDKROOT = macosx;
				SWIFT_ACTIVE_COMPILATION_CONDITIONS = DEBUG;
				SWIFT_OPTIMIZATION_LEVEL = "-Onone";
				SWIFT_STRICT_CONCURRENCY = complete;
				SWIFT_VERSION = 6.0;
			};
			name = Debug;
		};
		8BE17C3D771A9AFED4D45795 /* Release */ = {
			isa = XCBuildConfiguration;
			buildSettings = {
				ALWAYS_SEARCH_USER_PATHS = NO;
				CLANG_ANALYZER_NONNULL = YES;
				CLANG_ANALYZER_NUMBER_OBJECT_CONVERSION = YES_AGGRESSIVE;
				CLANG_CXX_LANGUAGE_STANDARD = "gnu++14";
				CLANG_CXX_LIBRARY = "libc++";
				CLANG_ENABLE_MODULES = YES;
				CLANG_ENABLE_OBJC_ARC = YES;
				CLANG_ENABLE_OBJC_WEAK = YES;
				CLANG_WARN_BLOCK_CAPTURE_AUTORELEASING = YES;
				CLANG_WARN_BOOL_CONVERSION = YES;
				CLANG_WARN_COMMA = YES;
				CLANG_WARN_CONSTANT_CONVERSION = YES;
				CLANG_WARN_DEPRECATED_OBJC_IMPLEMENTATIONS = YES;
				CLANG_WARN_DIRECT_OBJC_ISA_USAGE = YES_ERROR;
				CLANG_WARN_DOCUMENTATION_COMMENTS = YES;
				CLANG_WARN_EMPTY_BODY = YES;
				CLANG_WARN_ENUM_CONVERSION = YES;
				CLANG_WARN_INFINITE_RECURSION = YES;
				CLANG_WARN_INT_CONVERSION = YES;
				CLANG_WARN_NON_LITERAL_NULL_CONVERSION = YES;
				CLANG_WARN_OBJC_IMPLICIT_RETAIN_SELF = YES;
				CLANG_WARN_OBJC_LITERAL_CONVERSION = YES;
				CLANG_WARN_OBJC_ROOT_CLASS = YES_ERROR;
				CLANG_WARN_QUOTED_INCLUDE_IN_FRAMEWORK_HEADER = YES;
				CLANG_WARN_RANGE_LOOP_ANALYSIS = YES;
				CLANG_WARN_STRICT_PROTOTYPES = YES;
				CLANG_WARN_SUSPICIOUS_MOVE = YES;
				CLANG_WARN_UNGUARDED_AVAILABILITY = YES_AGGRESSIVE;
				CLANG_WARN_UNREACHABLE_CODE = YES;
				CLANG_WARN__DUPLICATE_METHOD_MATCH = YES;
				CODE_SIGN_STYLE = Automatic;
				COPY_PHASE_STRIP = NO;
				CURRENT_PROJECT_VERSION = 1;
				DEBUG_INFORMATION_FORMAT = "dwarf-with-dsym";
				DEVELOPMENT_TEAM = 77UHX55UF6;
				ENABLE_NS_ASSERTIONS = NO;
				ENABLE_STRICT_OBJC_MSGSEND = YES;
				ENABLE_USER_SCRIPT_SANDBOXING = NO;
				GCC_C_LANGUAGE_STANDARD = gnu11;
				GCC_NO_COMMON_BLOCKS = YES;
				GCC_WARN_64_TO_32_BIT_CONVERSION = YES;
				GCC_WARN_ABOUT_RETURN_TYPE = YES_ERROR;
				GCC_WARN_UNDECLARED_SELECTOR = YES;
				GCC_WARN_UNINITIALIZED_AUTOS = YES_AGGRESSIVE;
				GCC_WARN_UNUSED_FUNCTION = YES;
				GCC_WARN_UNUSED_VARIABLE = YES;
				MACOSX_DEPLOYMENT_TARGET = 14.0;
				MARKETING_VERSION = 1.0;
				MTL_ENABLE_DEBUG_INFO = NO;
				MTL_FAST_MATH = YES;
				PRODUCT_NAME = "$(TARGET_NAME)";
				SDKROOT = macosx;
				SWIFT_COMPILATION_MODE = wholemodule;
				SWIFT_OPTIMIZATION_LEVEL = "-O";
				SWIFT_STRICT_CONCURRENCY = complete;
				SWIFT_VERSION = 6.0;
			};
			name = Release;
		};
		967B09B6C6E23EA20D85D398 /* Release */ = {
			isa = XCBuildConfiguration;
			buildSettings = {
				ASSETCATALOG_COMPILER_APPICON_NAME = AppIcon;
				ASSETCATALOG_COMPILER_GLOBAL_ACCENT_COLOR_NAME = AccentColor;
				CODE_SIGN_ENTITLEMENTS = App/ClaudeUsage.entitlements;
				COMBINE_HIDPI_IMAGES = YES;
				GENERATE_INFOPLIST_FILE = NO;
				INFOPLIST_FILE = App/Info.plist;
				LD_RUNPATH_SEARCH_PATHS = (
					"$(inherited)",
					"@executable_path/../Frameworks",
				);
				PRODUCT_BUNDLE_IDENTIFIER = com.jb.ClaudeUsage;
				SDKROOT = macosx;
			};
			name = Release;
		};
		A79D550842E0D4E25774124B /* Debug */ = {
			isa = XCBuildConfiguration;
			buildSettings = {
				ASSETCATALOG_COMPILER_APPICON_NAME = AppIcon;
				ASSETCATALOG_COMPILER_GLOBAL_ACCENT_COLOR_NAME = AccentColor;
				CODE_SIGN_ENTITLEMENTS = App/ClaudeUsage.entitlements;
				COMBINE_HIDPI_IMAGES = YES;
				GENERATE_INFOPLIST_FILE = NO;
				INFOPLIST_FILE = App/Info.plist;
				LD_RUNPATH_SEARCH_PATHS = (
					"$(inherited)",
					"@executable_path/../Frameworks",
				);
				PRODUCT_BUNDLE_IDENTIFIER = com.jb.ClaudeUsage;
				SDKROOT = macosx;
			};
			name = Debug;
		};
		D746B1B3B49D2A1A15DFD933 /* Release */ = {
			isa = XCBuildConfiguration;
			buildSettings = {
				CODE_SIGN_ENTITLEMENTS = Widget/ClaudeUsageWidget.entitlements;
				COMBINE_HIDPI_IMAGES = YES;
				GENERATE_INFOPLIST_FILE = NO;
				INFOPLIST_FILE = Widget/Info.plist;
				LD_RUNPATH_SEARCH_PATHS = (
					"$(inherited)",
					"@executable_path/../Frameworks",
					"@executable_path/../../../../Frameworks",
				);
				PRODUCT_BUNDLE_IDENTIFIER = com.jb.ClaudeUsage.Widget;
				SDKROOT = macosx;
			};
			name = Release;
		};
		EB58AF6A0B0DF186C27F58C0 /* Debug */ = {
			isa = XCBuildConfiguration;
			buildSettings = {
				CODE_SIGN_ENTITLEMENTS = Widget/ClaudeUsageWidget.entitlements;
				COMBINE_HIDPI_IMAGES = YES;
				GENERATE_INFOPLIST_FILE = NO;
				INFOPLIST_FILE = Widget/Info.plist;
				LD_RUNPATH_SEARCH_PATHS = (
					"$(inherited)",
					"@executable_path/../Frameworks",
					"@executable_path/../../../../Frameworks",
				);
				PRODUCT_BUNDLE_IDENTIFIER = com.jb.ClaudeUsage.Widget;
				SDKROOT = macosx;
			};
			name = Debug;
		};
/* End XCBuildConfiguration section */

/* Begin XCConfigurationList section */
		508E8FC0A30CD69A0F99CAE9 /* Build configuration list for PBXNativeTarget "ClaudeUsageWidgetExtension" */ = {
			isa = XCConfigurationList;
			buildConfigurations = (
				EB58AF6A0B0DF186C27F58C0 /* Debug */,
				D746B1B3B49D2A1A15DFD933 /* Release */,
			);
			defaultConfigurationIsVisible = 0;
			defaultConfigurationName = Debug;
		};
		78FFC4369CA5357E81B68B17 /* Build configuration list for PBXNativeTarget "ClaudeUsage" */ = {
			isa = XCConfigurationList;
			buildConfigurations = (
				A79D550842E0D4E25774124B /* Debug */,
				967B09B6C6E23EA20D85D398 /* Release */,
			);
			defaultConfigurationIsVisible = 0;
			defaultConfigurationName = Debug;
		};
		AE9F6626FC7AB451FE2D9D95 /* Build configuration list for PBXProject "ClaudeUsage" */ = {
			isa = XCConfigurationList;
			buildConfigurations = (
				2D5D20BB7FA5D8B2008CDC53 /* Debug */,
				8BE17C3D771A9AFED4D45795 /* Release */,
			);
			defaultConfigurationIsVisible = 0;
			defaultConfigurationName = Debug;
		};
/* End XCConfigurationList section */
	};
	rootObject = 65038DD919B78672D25C1C19 /* Project object */;
}
